
Microsoft Visual Studio Solution File, Format Version 11.00
# Visual Studio 2010
Project("{8BC9CEB8-8B4A-11D0-8D11-00A0C91BC942}") = "silk_common", "silk\silk_common.vcxproj", "{C303D2FC-FF97-49B8-9DDD-467B4C9A0B16}"
	ProjectSection(ProjectDependencies) = postProject
		{245603E3-F580-41A5-9632-B25FE3372CBF} = {245603E3-F580-41A5-9632-B25FE3372CBF}
	EndProjectSection
EndProject
Project("{8BC9CEB8-8B4A-11D0-8D11-00A0C91BC942}") = "opus", "src\opus.vcxproj", "{219EC965-228A-1824-174D-96449D05F88A}"
	ProjectSection(ProjectDependencies) = postProject
		{8484C90D-1561-402F-A91D-2DB10F8C5171} = {8484C90D-1561-402F-A91D-2DB10F8C5171}
		{9C4961D2-5DDB-40C7-9BE8-CA918DC4E782} = {9C4961D2-5DDB-40C7-9BE8-CA918DC4E782}
		{245603E3-F580-41A5-9632-B25FE3372CBF} = {245603E3-F580-41A5-9632-B25FE3372CBF}
		{C303D2FC-FF97-49B8-9DDD-467B4C9A0B16} = {C303D2FC-FF97-49B8-9DDD-467B4C9A0B16}
	EndProjectSection
EndProject
Project("{8BC9CEB8-8B4A-11D0-8D11-00A0C91BC942}") = "silk_fixed", "silk\fixed\silk_fixed.vcxproj", "{8484C90D-1561-402F-A91D-2DB10F8C5171}"
	ProjectSection(ProjectDependencies) = postProject
		{245603E3-F580-41A5-9632-B25FE3372CBF} = {245603E3-F580-41A5-9632-B25FE3372CBF}
		{C303D2FC-FF97-49B8-9DDD-467B4C9A0B16} = {C303D2FC-FF97-49B8-9DDD-467B4C9A0B16}
	EndProjectSection
EndProject
Project("{8BC9CEB8-8B4A-11D0-8D11-00A0C91BC942}") = "silk_float", "silk\float\silk_float.vcxproj", "{9C4961D2-5DDB-40C7-9BE8-CA918DC4E782}"
	ProjectSection(ProjectDependencies) = postProject
		{8484C90D-1561-402F-A91D-2DB10F8C5171} = {8484C90D-1561-402F-A91D-2DB10F8C5171}
		{245603E3-F580-41A5-9632-B25FE3372CBF} = {245603E3-F580-41A5-9632-B25FE3372CBF}
		{C303D2FC-FF97-49B8-9DDD-467B4C9A0B16} = {C303D2FC-FF97-49B8-9DDD-467B4C9A0B16}
	EndProjectSection
EndProject
Project("{8BC9CEB8-8B4A-11D0-8D11-00A0C91BC942}") = "celt", "celt\celt.vcxproj", "{245603E3-F580-41A5-9632-B25FE3372CBF}"
EndProject
Global
	GlobalSection(SolutionConfigurationPlatforms) = preSolution
		Debug|Win32 = Debug|Win32
		Release|Win32 = Release|Win32
	EndGlobalSection
	GlobalSection(ProjectConfigurationPlatforms) = postSolution
		{C303D2FC-FF97-49B8-9DDD-467B4C9A0B16}.Debug|Win32.ActiveCfg = Debug|Win32
		{C303D2FC-FF97-49B8-9DDD-467B4C9A0B16}.Debug|Win32.Build.0 = Debug|Win32
		{C303D2FC-FF97-49B8-9DDD-467B4C9A0B16}.Release|Win32.ActiveCfg = Release|Win32
		{C303D2FC-FF97-49B8-9DDD-467B4C9A0B16}.Release|Win32.Build.0 = Release|Win32
		{219EC965-228A-1824-174D-96449D05F88A}.Debug|Win32.ActiveCfg = Debug|Win32
		{219EC965-228A-1824-174D-96449D05F88A}.Debug|Win32.Build.0 = Debug|Win32
		{219EC965-228A-1824-174D-96449D05F88A}.Release|Win32.ActiveCfg = Release|Win32
		{219EC965-228A-1824-174D-96449D05F88A}.Release|Win32.Build.0 = Release|Win32
		{8484C90D-1561-402F-A91D-2DB10F8C5171}.Debug|Win32.ActiveCfg = Debug|Win32
		{8484C90D-1561-402F-A91D-2DB10F8C5171}.Debug|Win32.Build.0 = Debug|Win32
		{8484C90D-1561-402F-A91D-2DB10F8C5171}.Release|Win32.ActiveCfg = Release|Win32
		{8484C90D-1561-402F-A91D-2DB10F8C5171}.Release|Win32.Build.0 = Release|Win32
		{9C4961D2-5DDB-40C7-9BE8-CA918DC4E782}.Debug|Win32.ActiveCfg = Debug|Win32
		{9C4961D2-5DDB-40C7-9BE8-CA918DC4E782}.Debug|Win32.Build.0 = Debug|Win32
		{9C4961D2-5DDB-40C7-9BE8-CA918DC4E782}.Release|Win32.ActiveCfg = Release|Win32
		{9C4961D2-5DDB-40C7-9BE8-CA918DC4E782}.Release|Win32.Build.0 = Release|Win32
		{245603E3-F580-41A5-9632-B25FE3372CBF}.Debug|Win32.ActiveCfg = Debug|Win32
		{245603E3-F580-41A5-9632-B25FE3372CBF}.Debug|Win32.Build.0 = Debug|Win32
		{245603E3-F580-41A5-9632-B25FE3372CBF}.Release|Win32.ActiveCfg = Release|Win32
		{245603E3-F580-41A5-9632-B25FE3372CBF}.Release|Win32.Build.0 = Release|Win32
	EndGlobalSection
	GlobalSection(SolutionProperties) = preSolution
		HideSolutionNode = FALSE
	EndGlobalSection
EndGlobal
