
Microsoft Visual Studio Solution File, Format Version 9.00
# Visual Studio 2005
Project("{8BC9CEB8-8B4A-11D0-8D11-00A0C91BC942}") = "Dec", "test\Dec_SDK.vcproj", "{82685D7F-0589-42BD-877C-31A952D53A8E}"
	ProjectSection(ProjectDependencies) = postProject
		{2769AFC5-8FC2-42E8-803C-528ACBA89C74} = {2769AFC5-8FC2-42E8-803C-528ACBA89C74}
		{0E29E502-AB22-4147-93A1-AC91528ED758} = {0E29E502-AB22-4147-93A1-AC91528ED758}
		{56B91D01-9150-4BBF-AFA1-5B68AB991B76} = {56B91D01-9150-4BBF-AFA1-5B68AB991B76}
	EndProjectSection
EndProject
Project("{8BC9CEB8-8B4A-11D0-8D11-00A0C91BC942}") = "SignalCompare", "test\SignalCompare.vcproj", "{7FE8F544-9175-40C3-A187-7F15CE9A75D8}"
	ProjectSection(ProjectDependencies) = postProject
		{2769AFC5-8FC2-42E8-803C-528ACBA89C74} = {2769AFC5-8FC2-42E8-803C-528ACBA89C74}
	EndProjectSection
EndProject
Project("{8BC9CEB8-8B4A-11D0-8D11-00A0C91BC942}") = "Enc", "test\Enc_SDK.vcproj", "{6D97A8EF-5724-4D85-8BF4-C583714BBA78}"
	ProjectSection(ProjectDependencies) = postProject
		{2769AFC5-8FC2-42E8-803C-528ACBA89C74} = {2769AFC5-8FC2-42E8-803C-528ACBA89C74}
		{0E29E502-AB22-4147-93A1-AC91528ED758} = {0E29E502-AB22-4147-93A1-AC91528ED758}
		{56B91D01-9150-4BBF-AFA1-5B68AB991B76} = {56B91D01-9150-4BBF-AFA1-5B68AB991B76}
	EndProjectSection
EndProject
Project("{8BC9CEB8-8B4A-11D0-8D11-00A0C91BC942}") = "Silk_FIX", "src_FIX\Silk_FIX.vcproj", "{56B91D01-9150-4BBF-AFA1-5B68AB991B76}"
	ProjectSection(ProjectDependencies) = postProject
		{0E29E502-AB22-4147-93A1-AC91528ED758} = {0E29E502-AB22-4147-93A1-AC91528ED758}
	EndProjectSection
EndProject
Project("{8BC9CEB8-8B4A-11D0-8D11-00A0C91BC942}") = "SigProc_FIX", "src_SigProc_FIX\SigProc_FIX.vcproj", "{2769AFC5-8FC2-42E8-803C-528ACBA89C74}"
EndProject
Project("{8BC9CEB8-8B4A-11D0-8D11-00A0C91BC942}") = "Silk_Common", "src_common\Silk_Common.vcproj", "{0E29E502-AB22-4147-93A1-AC91528ED758}"
	ProjectSection(ProjectDependencies) = postProject
		{8181D6A1-DE19-4A5C-9B96-E10A18068C93} = {8181D6A1-DE19-4A5C-9B96-E10A18068C93}
		{2769AFC5-8FC2-42E8-803C-528ACBA89C74} = {2769AFC5-8FC2-42E8-803C-528ACBA89C74}
	EndProjectSection
EndProject
Project("{8BC9CEB8-8B4A-11D0-8D11-00A0C91BC942}") = "libcelt", "..\..\celt-0.8.0\libcelt\libcelt.vcproj", "{8181D6A1-DE19-4A5C-9B96-E10A18068C93}"
EndProject
Global
	GlobalSection(SolutionConfigurationPlatforms) = preSolution
		Debug MCD|Win32 = Debug MCD|Win32
		Debug|Win32 = Debug|Win32
		Release|Win32 = Release|Win32
	EndGlobalSection
	GlobalSection(ProjectConfigurationPlatforms) = postSolution
		{82685D7F-0589-42BD-877C-31A952D53A8E}.Debug MCD|Win32.ActiveCfg = Debug|Win32
		{82685D7F-0589-42BD-877C-31A952D53A8E}.Debug MCD|Win32.Build.0 = Debug|Win32
		{82685D7F-0589-42BD-877C-31A952D53A8E}.Debug|Win32.ActiveCfg = Debug|Win32
		{82685D7F-0589-42BD-877C-31A952D53A8E}.Debug|Win32.Build.0 = Debug|Win32
		{82685D7F-0589-42BD-877C-31A952D53A8E}.Release|Win32.ActiveCfg = Release|Win32
		{82685D7F-0589-42BD-877C-31A952D53A8E}.Release|Win32.Build.0 = Release|Win32
		{7FE8F544-9175-40C3-A187-7F15CE9A75D8}.Debug MCD|Win32.ActiveCfg = Debug|Win32
		{7FE8F544-9175-40C3-A187-7F15CE9A75D8}.Debug MCD|Win32.Build.0 = Debug|Win32
		{7FE8F544-9175-40C3-A187-7F15CE9A75D8}.Debug|Win32.ActiveCfg = Debug|Win32
		{7FE8F544-9175-40C3-A187-7F15CE9A75D8}.Debug|Win32.Build.0 = Debug|Win32
		{7FE8F544-9175-40C3-A187-7F15CE9A75D8}.Release|Win32.ActiveCfg = Release|Win32
		{7FE8F544-9175-40C3-A187-7F15CE9A75D8}.Release|Win32.Build.0 = Release|Win32
		{6D97A8EF-5724-4D85-8BF4-C583714BBA78}.Debug MCD|Win32.ActiveCfg = Debug|Win32
		{6D97A8EF-5724-4D85-8BF4-C583714BBA78}.Debug MCD|Win32.Build.0 = Debug|Win32
		{6D97A8EF-5724-4D85-8BF4-C583714BBA78}.Debug|Win32.ActiveCfg = Debug|Win32
		{6D97A8EF-5724-4D85-8BF4-C583714BBA78}.Debug|Win32.Build.0 = Debug|Win32
		{6D97A8EF-5724-4D85-8BF4-C583714BBA78}.Release|Win32.ActiveCfg = Release|Win32
		{6D97A8EF-5724-4D85-8BF4-C583714BBA78}.Release|Win32.Build.0 = Release|Win32
		{56B91D01-9150-4BBF-AFA1-5B68AB991B76}.Debug MCD|Win32.ActiveCfg = Debug|Win32
		{56B91D01-9150-4BBF-AFA1-5B68AB991B76}.Debug MCD|Win32.Build.0 = Debug|Win32
		{56B91D01-9150-4BBF-AFA1-5B68AB991B76}.Debug|Win32.ActiveCfg = Debug|Win32
		{56B91D01-9150-4BBF-AFA1-5B68AB991B76}.Debug|Win32.Build.0 = Debug|Win32
		{56B91D01-9150-4BBF-AFA1-5B68AB991B76}.Release|Win32.ActiveCfg = Release|Win32
		{56B91D01-9150-4BBF-AFA1-5B68AB991B76}.Release|Win32.Build.0 = Release|Win32
		{2769AFC5-8FC2-42E8-803C-528ACBA89C74}.Debug MCD|Win32.ActiveCfg = Debug|Win32
		{2769AFC5-8FC2-42E8-803C-528ACBA89C74}.Debug MCD|Win32.Build.0 = Debug|Win32
		{2769AFC5-8FC2-42E8-803C-528ACBA89C74}.Debug|Win32.ActiveCfg = Debug|Win32
		{2769AFC5-8FC2-42E8-803C-528ACBA89C74}.Debug|Win32.Build.0 = Debug|Win32
		{2769AFC5-8FC2-42E8-803C-528ACBA89C74}.Release|Win32.ActiveCfg = Release|Win32
		{2769AFC5-8FC2-42E8-803C-528ACBA89C74}.Release|Win32.Build.0 = Release|Win32
		{0E29E502-AB22-4147-93A1-AC91528ED758}.Debug MCD|Win32.ActiveCfg = Debug|Win32
		{0E29E502-AB22-4147-93A1-AC91528ED758}.Debug MCD|Win32.Build.0 = Debug|Win32
		{0E29E502-AB22-4147-93A1-AC91528ED758}.Debug|Win32.ActiveCfg = Debug|Win32
		{0E29E502-AB22-4147-93A1-AC91528ED758}.Debug|Win32.Build.0 = Debug|Win32
		{0E29E502-AB22-4147-93A1-AC91528ED758}.Release|Win32.ActiveCfg = Release|Win32
		{0E29E502-AB22-4147-93A1-AC91528ED758}.Release|Win32.Build.0 = Release|Win32
		{8181D6A1-DE19-4A5C-9B96-E10A18068C93}.Debug MCD|Win32.ActiveCfg = Debug MCD|Win32
		{8181D6A1-DE19-4A5C-9B96-E10A18068C93}.Debug MCD|Win32.Build.0 = Debug MCD|Win32
		{8181D6A1-DE19-4A5C-9B96-E10A18068C93}.Debug|Win32.ActiveCfg = Debug|Win32
		{8181D6A1-DE19-4A5C-9B96-E10A18068C93}.Debug|Win32.Build.0 = Debug|Win32
		{8181D6A1-DE19-4A5C-9B96-E10A18068C93}.Release|Win32.ActiveCfg = Release|Win32
		{8181D6A1-DE19-4A5C-9B96-E10A18068C93}.Release|Win32.Build.0 = Release|Win32
	EndGlobalSection
	GlobalSection(SolutionProperties) = preSolution
		HideSolutionNode = FALSE
	EndGlobalSection
EndGlobal
