<?xml version="1.0" encoding="utf-8"?>
<Project ToolsVersion="4.0" xmlns="http://schemas.microsoft.com/developer/msbuild/2003">
  <ItemGroup>
    <Filter Include="Source Files">
      <UniqueIdentifier>{4FC737F1-C7A5-4376-A066-2A32D752A2FF}</UniqueIdentifier>
      <Extensions>cpp;c;cc;cxx;def;odl;idl;hpj;bat;asm;asmx</Extensions>
    </Filter>
    <Filter Include="Header Files">
      <UniqueIdentifier>{93995380-89BD-4b04-88EB-625FBE52EBFB}</UniqueIdentifier>
      <Extensions>h;hpp;hxx;hm;inl;inc;xsd</Extensions>
    </Filter>
    <Filter Include="Resource Files">
      <UniqueIdentifier>{67DA6AB6-F800-4c08-8B7A-83BB121AAD01}</UniqueIdentifier>
      <Extensions>rc;ico;cur;bmp;dlg;rc2;rct;bin;rgs;gif;jpg;jpeg;jpe;resx;tiff;tif;png;wav;mfcribbon-ms</Extensions>
    </Filter>
  </ItemGroup>
  <ItemGroup>
    <None Include="ReadMe.txt" />
  </ItemGroup>
  <ItemGroup>
    <ClCompile Include="silk_A2NLSF.c">
      <Filter>Source Files</Filter>
    </ClCompile>
    <ClCompile Include="silk_ana_filt_bank_1.c">
      <Filter>Source Files</Filter>
    </ClCompile>
    <ClCompile Include="silk_apply_sine_window.c">
      <Filter>Source Files</Filter>
    </ClCompile>
    <ClCompile Include="silk_array_maxabs.c">
      <Filter>Source Files</Filter>
    </ClCompile>
    <ClCompile Include="silk_autocorr.c">
      <Filter>Source Files</Filter>
    </ClCompile>
    <ClCompile Include="silk_biquad_alt.c">
      <Filter>Source Files</Filter>
    </ClCompile>
    <ClCompile Include="silk_burg_modified.c">
      <Filter>Source Files</Filter>
    </ClCompile>
    <ClCompile Include="silk_bwexpander.c">
      <Filter>Source Files</Filter>
    </ClCompile>
    <ClCompile Include="silk_bwexpander_32.c">
      <Filter>Source Files</Filter>
    </ClCompile>
    <ClCompile Include="silk_check_control_input.c">
      <Filter>Source Files</Filter>
    </ClCompile>
    <ClCompile Include="silk_CNG.c">
      <Filter>Source Files</Filter>
    </ClCompile>
    <ClCompile Include="silk_code_signs.c">
      <Filter>Source Files</Filter>
    </ClCompile>
    <ClCompile Include="silk_control_audio_bandwidth.c">
      <Filter>Source Files</Filter>
    </ClCompile>
    <ClCompile Include="silk_control_codec.c">
      <Filter>Source Files</Filter>
    </ClCompile>
    <ClCompile Include="silk_control_SNR.c">
      <Filter>Source Files</Filter>
    </ClCompile>
    <ClCompile Include="silk_create_init_destroy.c">
      <Filter>Source Files</Filter>
    </ClCompile>
    <ClCompile Include="silk_debug.c">
      <Filter>Source Files</Filter>
    </ClCompile>
    <ClCompile Include="silk_dec_API.c">
      <Filter>Source Files</Filter>
    </ClCompile>
    <ClCompile Include="silk_decode_core.c">
      <Filter>Source Files</Filter>
    </ClCompile>
    <ClCompile Include="silk_decode_frame.c">
      <Filter>Source Files</Filter>
    </ClCompile>
    <ClCompile Include="silk_decode_indices.c">
      <Filter>Source Files</Filter>
    </ClCompile>
    <ClCompile Include="silk_decode_parameters.c">
      <Filter>Source Files</Filter>
    </ClCompile>
    <ClCompile Include="silk_decode_pitch.c">
      <Filter>Source Files</Filter>
    </ClCompile>
    <ClCompile Include="silk_decode_pulses.c">
      <Filter>Source Files</Filter>
    </ClCompile>
    <ClCompile Include="silk_decoder_set_fs.c">
      <Filter>Source Files</Filter>
    </ClCompile>
    <ClCompile Include="silk_enc_API.c">
      <Filter>Source Files</Filter>
    </ClCompile>
    <ClCompile Include="silk_encode_indices.c">
      <Filter>Source Files</Filter>
    </ClCompile>
    <ClCompile Include="silk_encode_pulses.c">
      <Filter>Source Files</Filter>
    </ClCompile>
    <ClCompile Include="silk_gain_quant.c">
      <Filter>Source Files</Filter>
    </ClCompile>
    <ClCompile Include="silk_HP_variable_cutoff.c">
      <Filter>Source Files</Filter>
    </ClCompile>
    <ClCompile Include="silk_init_encoder.c">
      <Filter>Source Files</Filter>
    </ClCompile>
    <ClCompile Include="silk_inner_prod_aligned.c">
      <Filter>Source Files</Filter>
    </ClCompile>
    <ClCompile Include="silk_interpolate.c">
      <Filter>Source Files</Filter>
    </ClCompile>
    <ClCompile Include="silk_k2a.c">
      <Filter>Source Files</Filter>
    </ClCompile>
    <ClCompile Include="silk_k2a_Q16.c">
      <Filter>Source Files</Filter>
    </ClCompile>
    <ClCompile Include="silk_lin2log.c">
      <Filter>Source Files</Filter>
    </ClCompile>
    <ClCompile Include="silk_log2lin.c">
      <Filter>Source Files</Filter>
    </ClCompile>
    <ClCompile Include="silk_LP_variable_cutoff.c">
      <Filter>Source Files</Filter>
    </ClCompile>
    <ClCompile Include="silk_LPC_analysis_filter.c">
      <Filter>Source Files</Filter>
    </ClCompile>
    <ClCompile Include="silk_LPC_inv_pred_gain.c">
      <Filter>Source Files</Filter>
    </ClCompile>
    <ClCompile Include="silk_table_LSF_cos.c">
      <Filter>Source Files</Filter>
    </ClCompile>
    <ClCompile Include="silk_NLSF2A.c">
      <Filter>Source Files</Filter>
    </ClCompile>
    <ClCompile Include="silk_NLSF_decode.c">
      <Filter>Source Files</Filter>
    </ClCompile>
    <ClCompile Include="silk_NLSF_del_dec_quant.c">
      <Filter>Source Files</Filter>
    </ClCompile>
    <ClCompile Include="silk_NLSF_encode.c">
      <Filter>Source Files</Filter>
    </ClCompile>
    <ClCompile Include="silk_NLSF_stabilize.c">
      <Filter>Source Files</Filter>
    </ClCompile>
    <ClCompile Include="silk_NLSF_unpack.c">
      <Filter>Source Files</Filter>
    </ClCompile>
    <ClCompile Include="silk_NLSF_VQ.c">
      <Filter>Source Files</Filter>
    </ClCompile>
    <ClCompile Include="silk_NLSF_VQ_weights_laroia.c">
      <Filter>Source Files</Filter>
    </ClCompile>
    <ClCompile Include="silk_NSQ.c">
      <Filter>Source Files</Filter>
    </ClCompile>
    <ClCompile Include="silk_NSQ_del_dec.c">
      <Filter>Source Files</Filter>
    </ClCompile>
    <ClCompile Include="silk_pitch_analysis_core.c">
      <Filter>Source Files</Filter>
    </ClCompile>
    <ClCompile Include="silk_pitch_est_tables.c">
      <Filter>Source Files</Filter>
    </ClCompile>
    <ClCompile Include="silk_PLC.c">
      <Filter>Source Files</Filter>
    </ClCompile>
    <ClCompile Include="silk_process_NLSFs.c">
      <Filter>Source Files</Filter>
    </ClCompile>
    <ClCompile Include="silk_quant_LTP_gains.c">
      <Filter>Source Files</Filter>
    </ClCompile>
    <ClCompile Include="silk_resampler.c">
      <Filter>Source Files</Filter>
    </ClCompile>
    <ClCompile Include="silk_resampler_down2.c">
      <Filter>Source Files</Filter>
    </ClCompile>
    <ClCompile Include="silk_resampler_down2_3.c">
      <Filter>Source Files</Filter>
    </ClCompile>
    <ClCompile Include="silk_resampler_down3.c">
      <Filter>Source Files</Filter>
    </ClCompile>
    <ClCompile Include="silk_resampler_private_AR2.c">
      <Filter>Source Files</Filter>
    </ClCompile>
    <ClCompile Include="silk_resampler_private_ARMA4.c">
      <Filter>Source Files</Filter>
    </ClCompile>
    <ClCompile Include="silk_resampler_private_copy.c">
      <Filter>Source Files</Filter>
    </ClCompile>
    <ClCompile Include="silk_resampler_private_down4.c">
      <Filter>Source Files</Filter>
    </ClCompile>
    <ClCompile Include="silk_resampler_private_down_FIR.c">
      <Filter>Source Files</Filter>
    </ClCompile>
    <ClCompile Include="silk_resampler_private_IIR_FIR.c">
      <Filter>Source Files</Filter>
    </ClCompile>
    <ClCompile Include="silk_resampler_private_up2_HQ.c">
      <Filter>Source Files</Filter>
    </ClCompile>
    <ClCompile Include="silk_resampler_private_up4.c">
      <Filter>Source Files</Filter>
    </ClCompile>
    <ClCompile Include="silk_resampler_rom.c">
      <Filter>Source Files</Filter>
    </ClCompile>
    <ClCompile Include="silk_resampler_up2.c">
      <Filter>Source Files</Filter>
    </ClCompile>
    <ClCompile Include="silk_scale_copy_vector16.c">
      <Filter>Source Files</Filter>
    </ClCompile>
    <ClCompile Include="silk_scale_vector.c">
      <Filter>Source Files</Filter>
    </ClCompile>
    <ClCompile Include="silk_schur.c">
      <Filter>Source Files</Filter>
    </ClCompile>
    <ClCompile Include="silk_schur64.c">
      <Filter>Source Files</Filter>
    </ClCompile>
    <ClCompile Include="silk_shell_coder.c">
      <Filter>Source Files</Filter>
    </ClCompile>
    <ClCompile Include="silk_sigm_Q15.c">
      <Filter>Source Files</Filter>
    </ClCompile>
    <ClCompile Include="silk_sort.c">
      <Filter>Source Files</Filter>
    </ClCompile>
    <ClCompile Include="silk_stereo_decode_pred.c">
      <Filter>Source Files</Filter>
    </ClCompile>
    <ClCompile Include="silk_stereo_encode_pred.c">
      <Filter>Source Files</Filter>
    </ClCompile>
    <ClCompile Include="silk_stereo_find_predictor.c">
      <Filter>Source Files</Filter>
    </ClCompile>
    <ClCompile Include="silk_stereo_LR_to_MS.c">
      <Filter>Source Files</Filter>
    </ClCompile>
    <ClCompile Include="silk_stereo_MS_to_LR.c">
      <Filter>Source Files</Filter>
    </ClCompile>
    <ClCompile Include="silk_stereo_quant_pred.c">
      <Filter>Source Files</Filter>
    </ClCompile>
    <ClCompile Include="silk_sum_sqr_shift.c">
      <Filter>Source Files</Filter>
    </ClCompile>
    <ClCompile Include="silk_tables_gain.c">
      <Filter>Source Files</Filter>
    </ClCompile>
    <ClCompile Include="silk_tables_LTP.c">
      <Filter>Source Files</Filter>
    </ClCompile>
    <ClCompile Include="silk_tables_NLSF_CB_NB_MB.c">
      <Filter>Source Files</Filter>
    </ClCompile>
    <ClCompile Include="silk_tables_NLSF_CB_WB.c">
      <Filter>Source Files</Filter>
    </ClCompile>
    <ClCompile Include="silk_tables_other.c">
      <Filter>Source Files</Filter>
    </ClCompile>
    <ClCompile Include="silk_tables_pitch_lag.c">
      <Filter>Source Files</Filter>
    </ClCompile>
    <ClCompile Include="silk_tables_pulses_per_block.c">
      <Filter>Source Files</Filter>
    </ClCompile>
    <ClCompile Include="silk_VAD.c">
      <Filter>Source Files</Filter>
    </ClCompile>
    <ClCompile Include="silk_VQ_WMat_EC.c">
      <Filter>Source Files</Filter>
    </ClCompile>
  </ItemGroup>
  <ItemGroup>
    <ClInclude Include="..\win32\config.h">
      <Filter>Header Files</Filter>
    </ClInclude>
    <ClInclude Include="silk_control.h">
      <Filter>Header Files</Filter>
    </ClInclude>
    <ClInclude Include="silk_define.h">
      <Filter>Header Files</Filter>
    </ClInclude>
    <ClInclude Include="silk_errors.h">
      <Filter>Header Files</Filter>
    </ClInclude>
    <ClInclude Include="silk_Inlines.h">
      <Filter>Header Files</Filter>
    </ClInclude>
    <ClInclude Include="silk_MacroCount.h">
      <Filter>Header Files</Filter>
    </ClInclude>
    <ClInclude Include="silk_MacroDebug.h">
      <Filter>Header Files</Filter>
    </ClInclude>
    <ClInclude Include="silk_macros.h">
      <Filter>Header Files</Filter>
    </ClInclude>
    <ClInclude Include="silk_main.h">
      <Filter>Header Files</Filter>
    </ClInclude>
    <ClInclude Include="silk_pitch_est_defines.h">
      <Filter>Header Files</Filter>
    </ClInclude>
    <ClInclude Include="silk_PLC.h">
      <Filter>Header Files</Filter>
    </ClInclude>
    <ClInclude Include="float\silk_main_FLP.h">
      <Filter>Header Files</Filter>
    </ClInclude>
    <ClInclude Include="silk_resampler_private.h">
      <Filter>Header Files</Filter>
    </ClInclude>
    <ClInclude Include="silk_resampler_rom.h">
      <Filter>Header Files</Filter>
    </ClInclude>
    <ClInclude Include="silk_resampler_structs.h">
      <Filter>Header Files</Filter>
    </ClInclude>
    <ClInclude Include="silk_structs.h">
      <Filter>Header Files</Filter>
    </ClInclude>
    <ClInclude Include="silk_tables.h">
      <Filter>Header Files</Filter>
    </ClInclude>
    <ClInclude Include="silk_tuning_parameters.h">
      <Filter>Header Files</Filter>
    </ClInclude>
    <ClInclude Include="silk_typedef.h">
      <Filter>Header Files</Filter>
    </ClInclude>
    <ClInclude Include="silk_API.h">
      <Filter>Header Files</Filter>
    </ClInclude>
    <ClInclude Include="silk_debug.h">
      <Filter>Header Files</Filter>
    </ClInclude>
    <ClInclude Include="silk_SigProc_FIX.h">
      <Filter>Header Files</Filter>
    </ClInclude>
  </ItemGroup>
</Project>