<?xml version="1.0" encoding="utf-8"?>
<Project ToolsVersion="4.0" xmlns="http://schemas.microsoft.com/developer/msbuild/2003">
  <ItemGroup>
    <Filter Include="Source Files">
      <UniqueIdentifier>{4FC737F1-C7A5-4376-A066-2A32D752A2FF}</UniqueIdentifier>
      <Extensions>cpp;c;cc;cxx;def;odl;idl;hpj;bat;asm;asmx</Extensions>
    </Filter>
    <Filter Include="Header Files">
      <UniqueIdentifier>{93995380-89BD-4b04-88EB-625FBE52EBFB}</UniqueIdentifier>
      <Extensions>h;hpp;hxx;hm;inl;inc;xsd</Extensions>
    </Filter>
    <Filter Include="Resource Files">
      <UniqueIdentifier>{67DA6AB6-F800-4c08-8B7A-83BB121AAD01}</UniqueIdentifier>
      <Extensions>rc;ico;cur;bmp;dlg;rc2;rct;bin;rgs;gif;jpg;jpeg;jpe;resx;tiff;tif;png;wav;mfcribbon-ms</Extensions>
    </Filter>
  </ItemGroup>
  <ItemGroup>
    <None Include="ReadMe.txt" />
  </ItemGroup>
  <ItemGroup>
    <ClInclude Include="SKP_Silk_define.h">
      <Filter>Header Files</Filter>
    </ClInclude>
    <ClInclude Include="SKP_Silk_main.h">
      <Filter>Header Files</Filter>
    </ClInclude>
    <ClInclude Include="SKP_Silk_PLC.h">
      <Filter>Header Files</Filter>
    </ClInclude>
    <ClInclude Include="SKP_Silk_structs.h">
      <Filter>Header Files</Filter>
    </ClInclude>
    <ClInclude Include="SKP_Silk_tables.h">
      <Filter>Header Files</Filter>
    </ClInclude>
    <ClInclude Include="SKP_Silk_tuning_parameters.h">
      <Filter>Header Files</Filter>
    </ClInclude>
    <ClInclude Include="SKP_Silk_setup_complexity.h">
      <Filter>Header Files</Filter>
    </ClInclude>
    <ClInclude Include="SKP_Silk_tables_NLSF_CB.h">
      <Filter>Header Files</Filter>
    </ClInclude>
  </ItemGroup>
  <ItemGroup>
    <ClCompile Include="SKP_Silk_CNG.c">
      <Filter>Source Files</Filter>
    </ClCompile>
    <ClCompile Include="SKP_Silk_code_signs.c">
      <Filter>Source Files</Filter>
    </ClCompile>
    <ClCompile Include="SKP_Silk_create_init_destroy.c">
      <Filter>Source Files</Filter>
    </ClCompile>
    <ClCompile Include="SKP_Silk_decode_core.c">
      <Filter>Source Files</Filter>
    </ClCompile>
    <ClCompile Include="SKP_Silk_decode_frame.c">
      <Filter>Source Files</Filter>
    </ClCompile>
    <ClCompile Include="SKP_Silk_decode_indices.c">
      <Filter>Source Files</Filter>
    </ClCompile>
    <ClCompile Include="SKP_Silk_decode_parameters.c">
      <Filter>Source Files</Filter>
    </ClCompile>
    <ClCompile Include="SKP_Silk_decode_pulses.c">
      <Filter>Source Files</Filter>
    </ClCompile>
    <ClCompile Include="SKP_Silk_decoder_set_fs.c">
      <Filter>Source Files</Filter>
    </ClCompile>
    <ClCompile Include="SKP_Silk_detect_SWB_input.c">
      <Filter>Source Files</Filter>
    </ClCompile>
    <ClCompile Include="SKP_Silk_enc_API.c">
      <Filter>Source Files</Filter>
    </ClCompile>
    <ClCompile Include="SKP_Silk_encode_parameters.c">
      <Filter>Source Files</Filter>
    </ClCompile>
    <ClCompile Include="SKP_Silk_encode_pulses.c">
      <Filter>Source Files</Filter>
    </ClCompile>
    <ClCompile Include="SKP_Silk_gain_quant.c">
      <Filter>Source Files</Filter>
    </ClCompile>
    <ClCompile Include="SKP_Silk_interpolate.c">
      <Filter>Source Files</Filter>
    </ClCompile>
    <ClCompile Include="SKP_Silk_LBRR_reset.c">
      <Filter>Source Files</Filter>
    </ClCompile>
    <ClCompile Include="SKP_Silk_LP_variable_cutoff.c">
      <Filter>Source Files</Filter>
    </ClCompile>
    <ClCompile Include="SKP_Silk_NLSF_MSVQ_decode.c">
      <Filter>Source Files</Filter>
    </ClCompile>
    <ClCompile Include="SKP_Silk_NLSF2A_stable.c">
      <Filter>Source Files</Filter>
    </ClCompile>
    <ClCompile Include="SKP_Silk_NSQ.c">
      <Filter>Source Files</Filter>
    </ClCompile>
    <ClCompile Include="SKP_Silk_NSQ_del_dec.c">
      <Filter>Source Files</Filter>
    </ClCompile>
    <ClCompile Include="SKP_Silk_PLC.c">
      <Filter>Source Files</Filter>
    </ClCompile>
    <ClCompile Include="SKP_Silk_pulses_to_bytes.c">
      <Filter>Source Files</Filter>
    </ClCompile>
    <ClCompile Include="SKP_Silk_range_coder.c">
      <Filter>Source Files</Filter>
    </ClCompile>
    <ClCompile Include="SKP_Silk_shell_coder.c">
      <Filter>Source Files</Filter>
    </ClCompile>
    <ClCompile Include="SKP_Silk_tables_gain.c">
      <Filter>Source Files</Filter>
    </ClCompile>
    <ClCompile Include="SKP_Silk_tables_LTP.c">
      <Filter>Source Files</Filter>
    </ClCompile>
    <ClCompile Include="SKP_Silk_tables_NLSF_CB0_10.c">
      <Filter>Source Files</Filter>
    </ClCompile>
    <ClCompile Include="SKP_Silk_tables_NLSF_CB0_16.c">
      <Filter>Source Files</Filter>
    </ClCompile>
    <ClCompile Include="SKP_Silk_tables_NLSF_CB1_10.c">
      <Filter>Source Files</Filter>
    </ClCompile>
    <ClCompile Include="SKP_Silk_tables_NLSF_CB1_16.c">
      <Filter>Source Files</Filter>
    </ClCompile>
    <ClCompile Include="SKP_Silk_tables_other.c">
      <Filter>Source Files</Filter>
    </ClCompile>
    <ClCompile Include="SKP_Silk_tables_pitch_lag.c">
      <Filter>Source Files</Filter>
    </ClCompile>
    <ClCompile Include="SKP_Silk_tables_pulses_per_block.c">
      <Filter>Source Files</Filter>
    </ClCompile>
    <ClCompile Include="SKP_Silk_tables_sign.c">
      <Filter>Source Files</Filter>
    </ClCompile>
    <ClCompile Include="SKP_Silk_VAD.c">
      <Filter>Source Files</Filter>
    </ClCompile>
    <ClCompile Include="SKP_Silk_dec_API.c">
      <Filter>Source Files</Filter>
    </ClCompile>
    <ClCompile Include="SKP_Silk_control_audio_bandwidth.c">
      <Filter>Source Files</Filter>
    </ClCompile>
    <ClCompile Include="SKP_Silk_quant_LTP_gains.c">
      <Filter>Source Files</Filter>
    </ClCompile>
    <ClCompile Include="SKP_Silk_VQ_WMat_EC.c">
      <Filter>Source Files</Filter>
    </ClCompile>
  </ItemGroup>
</Project>