<?xml version="1.0" encoding="utf-8"?>
<Project ToolsVersion="4.0" xmlns="http://schemas.microsoft.com/developer/msbuild/2003">
  <ItemGroup>
    <Filter Include="Source Files">
      <UniqueIdentifier>{4FC737F1-C7A5-4376-A066-2A32D752A2FF}</UniqueIdentifier>
      <Extensions>cpp;c;cc;cxx;def;odl;idl;hpj;bat;asm;asmx</Extensions>
    </Filter>
    <Filter Include="Header Files">
      <UniqueIdentifier>{93995380-89BD-4b04-88EB-625FBE52EBFB}</UniqueIdentifier>
      <Extensions>h;hpp;hxx;hm;inl;inc;xsd</Extensions>
    </Filter>
    <Filter Include="Resource Files">
      <UniqueIdentifier>{67DA6AB6-F800-4c08-8B7A-83BB121AAD01}</UniqueIdentifier>
      <Extensions>rc;ico;cur;bmp;dlg;rc2;rct;bin;rgs;gif;jpg;jpeg;jpe;resx;tiff;tif;png;wav;mfcribbon-ms</Extensions>
    </Filter>
  </ItemGroup>
  <ItemGroup>
    <ClCompile Include="..\..\celt\celt_decoder.c">
      <Filter>Source Files</Filter>
    </ClCompile>
    <ClCompile Include="..\..\celt\celt_encoder.c">
      <Filter>Source Files</Filter>
    </ClCompile>
    <ClCompile Include="..\..\celt\celt_lpc.c">
      <Filter>Source Files</Filter>
    </ClCompile>
    <ClCompile Include="..\..\celt\cwrs.c">
      <Filter>Source Files</Filter>
    </ClCompile>
    <ClCompile Include="..\..\celt\entcode.c">
      <Filter>Source Files</Filter>
    </ClCompile>
    <ClCompile Include="..\..\celt\entdec.c">
      <Filter>Source Files</Filter>
    </ClCompile>
    <ClCompile Include="..\..\celt\entenc.c">
      <Filter>Source Files</Filter>
    </ClCompile>
    <ClCompile Include="..\..\celt\kiss_fft.c">
      <Filter>Source Files</Filter>
    </ClCompile>
    <ClCompile Include="..\..\celt\laplace.c">
      <Filter>Source Files</Filter>
    </ClCompile>
    <ClCompile Include="..\..\celt\mathops.c">
      <Filter>Source Files</Filter>
    </ClCompile>
    <ClCompile Include="..\..\celt\mdct.c">
      <Filter>Source Files</Filter>
    </ClCompile>
    <ClCompile Include="..\..\celt\modes.c">
      <Filter>Source Files</Filter>
    </ClCompile>
    <ClCompile Include="..\..\celt\pitch.c">
      <Filter>Source Files</Filter>
    </ClCompile>
    <ClCompile Include="..\..\celt\quant_bands.c">
      <Filter>Source Files</Filter>
    </ClCompile>
    <ClCompile Include="..\..\celt\rate.c">
      <Filter>Source Files</Filter>
    </ClCompile>
    <ClCompile Include="..\..\celt\vq.c">
      <Filter>Source Files</Filter>
    </ClCompile>
    <ClCompile Include="..\..\celt\bands.c">
      <Filter>Source Files</Filter>
    </ClCompile>
    <ClCompile Include="..\..\celt\celt.c">
      <Filter>Source Files</Filter>
    </ClCompile>
  </ItemGroup>
  <ItemGroup>
    <ClInclude Include="..\..\celt\cwrs.h">
      <Filter>Header Files</Filter>
    </ClInclude>
    <ClInclude Include="..\..\celt\ecintrin.h">
      <Filter>Header Files</Filter>
    </ClInclude>
    <ClInclude Include="..\..\celt\entcode.h">
      <Filter>Header Files</Filter>
    </ClInclude>
    <ClInclude Include="..\..\celt\entdec.h">
      <Filter>Header Files</Filter>
    </ClInclude>
    <ClInclude Include="..\..\celt\entenc.h">
      <Filter>Header Files</Filter>
    </ClInclude>
    <ClInclude Include="..\..\celt\fixed_c5x.h">
      <Filter>Header Files</Filter>
    </ClInclude>
    <ClInclude Include="..\..\celt\fixed_c6x.h">
      <Filter>Header Files</Filter>
    </ClInclude>
    <ClInclude Include="..\..\celt\fixed_debug.h">
      <Filter>Header Files</Filter>
    </ClInclude>
    <ClInclude Include="..\..\celt\fixed_generic.h">
      <Filter>Header Files</Filter>
    </ClInclude>
    <ClInclude Include="..\..\celt\float_cast.h">
      <Filter>Header Files</Filter>
    </ClInclude>
    <ClInclude Include="..\..\celt\kiss_fft.h">
      <Filter>Header Files</Filter>
    </ClInclude>
    <ClInclude Include="..\..\celt\laplace.h">
      <Filter>Header Files</Filter>
    </ClInclude>
    <ClInclude Include="..\..\celt\mathops.h">
      <Filter>Header Files</Filter>
    </ClInclude>
    <ClInclude Include="..\..\celt\mdct.h">
      <Filter>Header Files</Filter>
    </ClInclude>
    <ClInclude Include="..\..\celt\mfrngcod.h">
      <Filter>Header Files</Filter>
    </ClInclude>
    <ClInclude Include="..\..\celt\modes.h">
      <Filter>Header Files</Filter>
    </ClInclude>
    <ClInclude Include="..\..\celt\os_support.h">
      <Filter>Header Files</Filter>
    </ClInclude>
    <ClInclude Include="..\..\celt\pitch.h">
      <Filter>Header Files</Filter>
    </ClInclude>
    <ClInclude Include="..\..\celt\quant_bands.h">
      <Filter>Header Files</Filter>
    </ClInclude>
    <ClInclude Include="..\..\celt\rate.h">
      <Filter>Header Files</Filter>
    </ClInclude>
    <ClInclude Include="..\..\celt\stack_alloc.h">
      <Filter>Header Files</Filter>
    </ClInclude>
    <ClInclude Include="..\..\celt\static_modes_fixed.h">
      <Filter>Header Files</Filter>
    </ClInclude>
    <ClInclude Include="..\..\celt\static_modes_float.h">
      <Filter>Header Files</Filter>
    </ClInclude>
    <ClInclude Include="..\..\celt\vq.h">
      <Filter>Header Files</Filter>
    </ClInclude>
    <ClInclude Include="..\..\celt\_kiss_fft_guts.h">
      <Filter>Header Files</Filter>
    </ClInclude>
    <ClInclude Include="..\..\celt\arch.h">
      <Filter>Header Files</Filter>
    </ClInclude>
    <ClInclude Include="..\..\celt\bands.h">
      <Filter>Header Files</Filter>
    </ClInclude>
    <ClInclude Include="..\..\celt\celt.h">
      <Filter>Header Files</Filter>
    </ClInclude>
    <ClInclude Include="..\..\celt\celt_lpc.h">
      <Filter>Header Files</Filter>
    </ClInclude>
  </ItemGroup>
</Project>